# THIS IS AN AUTOGENERATED FILE. DO NOT EDIT THIS FILE DIRECTLY.
# yarn lockfile v1


classnames@^2.3.1:
  version "2.3.1"
  resolved "https://registry.yarnpkg.com/classnames/-/classnames-2.3.1.tgz#dfcfa3891e306ec1dad105d0e88f4417b8535e8e"
  integrity sha512-OlQdbZ7gLfGarSqxesMesDa5uz7KFbID8Kpq/SxIoNGDqY8lSYs0D+hhtBXhcdB3rcbXArFr7vlHheLk1voeNA==

concurrent@^1.0.0:
  version "0.3.2"
  resolved "https://registry.yarnpkg.com/concurrent/-/concurrent-0.3.2.tgz#0eaa0011a15798c56351128f22247f6e2317f50e"
  integrity sha512-KoUIH3pHceLMOeviiAnOzdQ8630lNclszDv8IGXx2Gn+5xXZroLqSWWzisweX//X7LyYOCKy10398bb0ksjvsA==
